
Microsoft Visual Studio Solution File, Format Version 12.00
# Visual Studio Version 16
VisualStudioVersion = 16.0.31321.278
MinimumVisualStudioVersion = 10.0.40219.1
Project("{FAE04EC0-301F-11D3-BF4B-00C04F79EFBC}") = "ParallelTest", "ParalellTest\ParallelTest.csproj", "{4AAF0367-4364-44DF-A269-36D946E54FA6}"
EndProject
Global
	GlobalSection(SolutionConfigurationPlatforms) = preSolution
		Debug|Any CPU = Debug|Any CPU
		Release|Any CPU = Release|Any CPU
	EndGlobalSection
	GlobalSection(ProjectConfigurationPlatforms) = postSolution
		{4AAF0367-4364-44DF-A269-36D946E54FA6}.Debug|Any CPU.ActiveCfg = Debug|Any CPU
		{4AAF0367-4364-44DF-A269-36D946E54FA6}.Debug|Any CPU.Build.0 = Debug|Any CPU
		{4AAF0367-4364-44DF-A269-36D946E54FA6}.Release|Any CPU.ActiveCfg = Release|Any CPU
		{4AAF0367-4364-44DF-A269-36D946E54FA6}.Release|Any CPU.Build.0 = Release|Any CPU
	EndGlobalSection
	GlobalSection(SolutionProperties) = preSolution
		HideSolutionNode = FALSE
	EndGlobalSection
	GlobalSection(ExtensibilityGlobals) = postSolution
		SolutionGuid = {2FB92F42-1844-419C-BDB3-D1794E04C3E9}
	EndGlobalSection
EndGlobal
